// !$*UTF8*$!
{
	archiveVersion = 1;
	classes = {
	};
	objectVersion = 56;
	objects = {

/* Begin PBXBuildFile section */
		9917066A2B0C82260041466E /* Passage+CoreDataClass.swift in Sources */ = {isa = PBXBuildFile; fileRef = 991706682B0C82260041466E /* Passage+CoreDataClass.swift */; };
		9917066B2B0C82260041466E /* Passage+CoreDataProperties.swift in Sources */ = {isa = PBXBuildFile; fileRef = 991706692B0C82260041466E /* Passage+CoreDataProperties.swift */; };
		995964742AD39E10003EECAC /* SettingsView.swift in Sources */ = {isa = PBXBuildFile; fileRef = 995964732AD39E10003EECAC /* SettingsView.swift */; };
		9959647C2AD3CB7B003EECAC /* Ensemble.xcdatamodeld in Sources */ = {isa = PBXBuildFile; fileRef = 9959647A2AD3CB7B003EECAC /* Ensemble.xcdatamodeld */; };
		996F1D482B071F4D0048D9CC /* Ensemble+CoreDataClass.swift in Sources */ = {isa = PBXBuildFile; fileRef = 996F1D422B071F4D0048D9CC /* Ensemble+CoreDataClass.swift */; };
		996F1D492B071F4D0048D9CC /* Ensemble+CoreDataProperties.swift in Sources */ = {isa = PBXBuildFile; fileRef = 996F1D432B071F4D0048D9CC /* Ensemble+CoreDataProperties.swift */; };
		996F1D4A2B071F4D0048D9CC /* Repertoire+CoreDataClass.swift in Sources */ = {isa = PBXBuildFile; fileRef = 996F1D442B071F4D0048D9CC /* Repertoire+CoreDataClass.swift */; };
		996F1D4B2B071F4D0048D9CC /* Repertoire+CoreDataProperties.swift in Sources */ = {isa = PBXBuildFile; fileRef = 996F1D452B071F4D0048D9CC /* Repertoire+CoreDataProperties.swift */; };
		997C720F2B087556000F10BE /* DataManager.swift in Sources */ = {isa = PBXBuildFile; fileRef = 997C720E2B087556000F10BE /* DataManager.swift */; };
		99933E302B08967C008AB97C /* CompositionDetailsView.swift in Sources */ = {isa = PBXBuildFile; fileRef = 99933E2F2B08967C008AB97C /* CompositionDetailsView.swift */; };
		99933E392B089E46008AB97C /* Composition+CoreDataClass.swift in Sources */ = {isa = PBXBuildFile; fileRef = 99933E352B089E46008AB97C /* Composition+CoreDataClass.swift */; };
		99933E3A2B089E46008AB97C /* Composition+CoreDataProperties.swift in Sources */ = {isa = PBXBuildFile; fileRef = 99933E362B089E46008AB97C /* Composition+CoreDataProperties.swift */; };
		99933E3F2B095DCF008AB97C /* SectionRowView.swift in Sources */ = {isa = PBXBuildFile; fileRef = 99933E3E2B095DCF008AB97C /* SectionRowView.swift */; };
		99933E412B09DC34008AB97C /* CompositionEditView.swift in Sources */ = {isa = PBXBuildFile; fileRef = 99933E402B09DC34008AB97C /* CompositionEditView.swift */; };
		99933E432B09F26D008AB97C /* SectionEditView.swift in Sources */ = {isa = PBXBuildFile; fileRef = 99933E422B09F26D008AB97C /* SectionEditView.swift */; };
		99B489662AD2459900AE2CF4 /* ForteApp.swift in Sources */ = {isa = PBXBuildFile; fileRef = 99B489652AD2459900AE2CF4 /* ForteApp.swift */; };
		99B489682AD2459900AE2CF4 /* ContentView.swift in Sources */ = {isa = PBXBuildFile; fileRef = 99B489672AD2459900AE2CF4 /* ContentView.swift */; };
		99B4896A2AD2459B00AE2CF4 /* Assets.xcassets in Resources */ = {isa = PBXBuildFile; fileRef = 99B489692AD2459B00AE2CF4 /* Assets.xcassets */; };
		99B4896D2AD2459B00AE2CF4 /* Preview Assets.xcassets in Resources */ = {isa = PBXBuildFile; fileRef = 99B4896C2AD2459B00AE2CF4 /* Preview Assets.xcassets */; };
		99B489792AD2461D00AE2CF4 /* GoogleService-Info.plist in Resources */ = {isa = PBXBuildFile; fileRef = 99B489782AD2461D00AE2CF4 /* GoogleService-Info.plist */; };
		99B4897C2AD246EE00AE2CF4 /* FirebaseAnalyticsWithoutAdIdSupport in Frameworks */ = {isa = PBXBuildFile; productRef = 99B4897B2AD246EE00AE2CF4 /* FirebaseAnalyticsWithoutAdIdSupport */; };
		99B4897F2AD249F400AE2CF4 /* FirebaseAuth in Frameworks */ = {isa = PBXBuildFile; productRef = 99B4897E2AD249F400AE2CF4 /* FirebaseAuth */; };
		99B4898B2AD2585400AE2CF4 /* AuthenticationViewModel.swift in Sources */ = {isa = PBXBuildFile; fileRef = 99B4898A2AD2585400AE2CF4 /* AuthenticationViewModel.swift */; };
		99B4898E2AD2595D00AE2CF4 /* GoogleSignInSwift in Frameworks */ = {isa = PBXBuildFile; productRef = 99B4898D2AD2595D00AE2CF4 /* GoogleSignInSwift */; };
		99B489922AD27EED00AE2CF4 /* MainTabView.swift in Sources */ = {isa = PBXBuildFile; fileRef = 99B489912AD27EEC00AE2CF4 /* MainTabView.swift */; };
		99B489942AD27F5600AE2CF4 /* HomeView.swift in Sources */ = {isa = PBXBuildFile; fileRef = 99B489932AD27F5600AE2CF4 /* HomeView.swift */; };
		99B489962AD27F6D00AE2CF4 /* EnsembleView.swift in Sources */ = {isa = PBXBuildFile; fileRef = 99B489952AD27F6D00AE2CF4 /* EnsembleView.swift */; };
		99C2E6C02B014DF600E6F838 /* EnsembleDetailsView.swift in Sources */ = {isa = PBXBuildFile; fileRef = 99C2E6BF2B014DF600E6F838 /* EnsembleDetailsView.swift */; };
/* End PBXBuildFile section */

/* Begin PBXFileReference section */
		991706682B0C82260041466E /* Passage+CoreDataClass.swift */ = {isa = PBXFileReference; lastKnownFileType = sourcecode.swift; path = "Passage+CoreDataClass.swift"; sourceTree = "<group>"; };
		991706692B0C82260041466E /* Passage+CoreDataProperties.swift */ = {isa = PBXFileReference; lastKnownFileType = sourcecode.swift; path = "Passage+CoreDataProperties.swift"; sourceTree = "<group>"; };
		995964732AD39E10003EECAC /* SettingsView.swift */ = {isa = PBXFileReference; lastKnownFileType = sourcecode.swift; path = SettingsView.swift; sourceTree = "<group>"; };
		9959647B2AD3CB7B003EECAC /* Ensemble.xcdatamodel */ = {isa = PBXFileReference; lastKnownFileType = wrapper.xcdatamodel; path = Ensemble.xcdatamodel; sourceTree = "<group>"; };
		996F1D422B071F4D0048D9CC /* Ensemble+CoreDataClass.swift */ = {isa = PBXFileReference; lastKnownFileType = sourcecode.swift; path = "Ensemble+CoreDataClass.swift"; sourceTree = "<group>"; };
		996F1D432B071F4D0048D9CC /* Ensemble+CoreDataProperties.swift */ = {isa = PBXFileReference; lastKnownFileType = sourcecode.swift; path = "Ensemble+CoreDataProperties.swift"; sourceTree = "<group>"; };
		996F1D442B071F4D0048D9CC /* Repertoire+CoreDataClass.swift */ = {isa = PBXFileReference; lastKnownFileType = sourcecode.swift; path = "Repertoire+CoreDataClass.swift"; sourceTree = "<group>"; };
		996F1D452B071F4D0048D9CC /* Repertoire+CoreDataProperties.swift */ = {isa = PBXFileReference; lastKnownFileType = sourcecode.swift; path = "Repertoire+CoreDataProperties.swift"; sourceTree = "<group>"; };
		997C720E2B087556000F10BE /* DataManager.swift */ = {isa = PBXFileReference; lastKnownFileType = sourcecode.swift; path = DataManager.swift; sourceTree = "<group>"; };
		99933E2F2B08967C008AB97C /* CompositionDetailsView.swift */ = {isa = PBXFileReference; lastKnownFileType = sourcecode.swift; path = CompositionDetailsView.swift; sourceTree = "<group>"; };
		99933E352B089E46008AB97C /* Composition+CoreDataClass.swift */ = {isa = PBXFileReference; lastKnownFileType = sourcecode.swift; path = "Composition+CoreDataClass.swift"; sourceTree = "<group>"; };
		99933E362B089E46008AB97C /* Composition+CoreDataProperties.swift */ = {isa = PBXFileReference; lastKnownFileType = sourcecode.swift; path = "Composition+CoreDataProperties.swift"; sourceTree = "<group>"; };
		99933E3E2B095DCF008AB97C /* SectionRowView.swift */ = {isa = PBXFileReference; lastKnownFileType = sourcecode.swift; path = SectionRowView.swift; sourceTree = "<group>"; };
		99933E402B09DC34008AB97C /* CompositionEditView.swift */ = {isa = PBXFileReference; lastKnownFileType = sourcecode.swift; path = CompositionEditView.swift; sourceTree = "<group>"; };
		99933E422B09F26D008AB97C /* SectionEditView.swift */ = {isa = PBXFileReference; lastKnownFileType = sourcecode.swift; path = SectionEditView.swift; sourceTree = "<group>"; };
		99B489622AD2459900AE2CF4 /* Forte.app */ = {isa = PBXFileReference; explicitFileType = wrapper.application; includeInIndex = 0; path = Forte.app; sourceTree = BUILT_PRODUCTS_DIR; };
		99B489652AD2459900AE2CF4 /* ForteApp.swift */ = {isa = PBXFileReference; lastKnownFileType = sourcecode.swift; path = ForteApp.swift; sourceTree = "<group>"; };
		99B489672AD2459900AE2CF4 /* ContentView.swift */ = {isa = PBXFileReference; lastKnownFileType = sourcecode.swift; path = ContentView.swift; sourceTree = "<group>"; };
		99B489692AD2459B00AE2CF4 /* Assets.xcassets */ = {isa = PBXFileReference; lastKnownFileType = folder.assetcatalog; path = Assets.xcassets; sourceTree = "<group>"; };
		99B4896C2AD2459B00AE2CF4 /* Preview Assets.xcassets */ = {isa = PBXFileReference; lastKnownFileType = folder.assetcatalog; path = "Preview Assets.xcassets"; sourceTree = "<group>"; };
		99B489782AD2461D00AE2CF4 /* GoogleService-Info.plist */ = {isa = PBXFileReference; fileEncoding = 4; lastKnownFileType = text.plist.xml; path = "GoogleService-Info.plist"; sourceTree = "<group>"; };
		99B4898A2AD2585400AE2CF4 /* AuthenticationViewModel.swift */ = {isa = PBXFileReference; lastKnownFileType = sourcecode.swift; path = AuthenticationViewModel.swift; sourceTree = "<group>"; };
		99B4898F2AD2687700AE2CF4 /* Info.plist */ = {isa = PBXFileReference; lastKnownFileType = text.plist.xml; path = Info.plist; sourceTree = "<group>"; };
		99B489912AD27EEC00AE2CF4 /* MainTabView.swift */ = {isa = PBXFileReference; lastKnownFileType = sourcecode.swift; path = MainTabView.swift; sourceTree = "<group>"; };
		99B489932AD27F5600AE2CF4 /* HomeView.swift */ = {isa = PBXFileReference; lastKnownFileType = sourcecode.swift; path = HomeView.swift; sourceTree = "<group>"; };
		99B489952AD27F6D00AE2CF4 /* EnsembleView.swift */ = {isa = PBXFileReference; lastKnownFileType = sourcecode.swift; path = EnsembleView.swift; sourceTree = "<group>"; };
		99C2E6BF2B014DF600E6F838 /* EnsembleDetailsView.swift */ = {isa = PBXFileReference; lastKnownFileType = sourcecode.swift; path = EnsembleDetailsView.swift; sourceTree = "<group>"; };
/* End PBXFileReference section */

/* Begin PBXFrameworksBuildPhase section */
		99B4895F2AD2459900AE2CF4 /* Frameworks */ = {
			isa = PBXFrameworksBuildPhase;
			buildActionMask = 2147483647;
			files = (
				99B4898E2AD2595D00AE2CF4 /* GoogleSignInSwift in Frameworks */,
				99B4897C2AD246EE00AE2CF4 /* FirebaseAnalyticsWithoutAdIdSupport in Frameworks */,
				99B4897F2AD249F400AE2CF4 /* FirebaseAuth in Frameworks */,
			);
			runOnlyForDeploymentPostprocessing = 0;
		};
/* End PBXFrameworksBuildPhase section */

/* Begin PBXGroup section */
		99B489592AD2459900AE2CF4 = {
			isa = PBXGroup;
			children = (
				99B489642AD2459900AE2CF4 /* Forte */,
				99B489632AD2459900AE2CF4 /* Products */,
				99B4897D2AD249F400AE2CF4 /* Frameworks */,
			);
			sourceTree = "<group>";
		};
		99B489632AD2459900AE2CF4 /* Products */ = {
			isa = PBXGroup;
			children = (
				99B489622AD2459900AE2CF4 /* Forte.app */,
			);
			name = Products;
			sourceTree = "<group>";
		};
		99B489642AD2459900AE2CF4 /* Forte */ = {
			isa = PBXGroup;
			children = (
				99B489802AD2535A00AE2CF4 /* Model */,
				99B489902AD27EBC00AE2CF4 /* Views */,
				99B489892AD2584300AE2CF4 /* ViewModel */,
				99B489652AD2459900AE2CF4 /* ForteApp.swift */,
				99B489692AD2459B00AE2CF4 /* Assets.xcassets */,
				99B489782AD2461D00AE2CF4 /* GoogleService-Info.plist */,
				99B4898F2AD2687700AE2CF4 /* Info.plist */,
				99B4896B2AD2459B00AE2CF4 /* Preview Content */,
			);
			path = Forte;
			sourceTree = "<group>";
		};
		99B4896B2AD2459B00AE2CF4 /* Preview Content */ = {
			isa = PBXGroup;
			children = (
				99B4896C2AD2459B00AE2CF4 /* Preview Assets.xcassets */,
			);
			path = "Preview Content";
			sourceTree = "<group>";
		};
		99B4897D2AD249F400AE2CF4 /* Frameworks */ = {
			isa = PBXGroup;
			children = (
			);
			name = Frameworks;
			sourceTree = "<group>";
		};
		99B489802AD2535A00AE2CF4 /* Model */ = {
			isa = PBXGroup;
			children = (
				991706682B0C82260041466E /* Passage+CoreDataClass.swift */,
				991706692B0C82260041466E /* Passage+CoreDataProperties.swift */,
				99933E352B089E46008AB97C /* Composition+CoreDataClass.swift */,
				99933E362B089E46008AB97C /* Composition+CoreDataProperties.swift */,
				996F1D422B071F4D0048D9CC /* Ensemble+CoreDataClass.swift */,
				996F1D432B071F4D0048D9CC /* Ensemble+CoreDataProperties.swift */,
				996F1D442B071F4D0048D9CC /* Repertoire+CoreDataClass.swift */,
				996F1D452B071F4D0048D9CC /* Repertoire+CoreDataProperties.swift */,
				9959647A2AD3CB7B003EECAC /* Ensemble.xcdatamodeld */,
				997C720E2B087556000F10BE /* DataManager.swift */,
			);
			path = Model;
			sourceTree = "<group>";
		};
		99B489892AD2584300AE2CF4 /* ViewModel */ = {
			isa = PBXGroup;
			children = (
				99B4898A2AD2585400AE2CF4 /* AuthenticationViewModel.swift */,
			);
			path = ViewModel;
			sourceTree = "<group>";
		};
		99B489902AD27EBC00AE2CF4 /* Views */ = {
			isa = PBXGroup;
			children = (
				99B489672AD2459900AE2CF4 /* ContentView.swift */,
				99B489912AD27EEC00AE2CF4 /* MainTabView.swift */,
				99B489932AD27F5600AE2CF4 /* HomeView.swift */,
				99B489952AD27F6D00AE2CF4 /* EnsembleView.swift */,
				995964732AD39E10003EECAC /* SettingsView.swift */,
				99C2E6BF2B014DF600E6F838 /* EnsembleDetailsView.swift */,
				99933E2F2B08967C008AB97C /* CompositionDetailsView.swift */,
				99933E3E2B095DCF008AB97C /* SectionRowView.swift */,
				99933E422B09F26D008AB97C /* SectionEditView.swift */,
				99933E402B09DC34008AB97C /* CompositionEditView.swift */,
			);
			path = Views;
			sourceTree = "<group>";
		};
/* End PBXGroup section */

/* Begin PBXNativeTarget section */
		99B489612AD2459900AE2CF4 /* Forte */ = {
			isa = PBXNativeTarget;
			buildConfigurationList = 99B489752AD2459B00AE2CF4 /* Build configuration list for PBXNativeTarget "Forte" */;
			buildPhases = (
				99B4895E2AD2459900AE2CF4 /* Sources */,
				99B4895F2AD2459900AE2CF4 /* Frameworks */,
				99B489602AD2459900AE2CF4 /* Resources */,
			);
			buildRules = (
			);
			dependencies = (
			);
			name = Forte;
			packageProductDependencies = (
				99B4897B2AD246EE00AE2CF4 /* FirebaseAnalyticsWithoutAdIdSupport */,
				99B4897E2AD249F400AE2CF4 /* FirebaseAuth */,
				99B4898D2AD2595D00AE2CF4 /* GoogleSignInSwift */,
			);
			productName = Forte;
			productReference = 99B489622AD2459900AE2CF4 /* Forte.app */;
			productType = "com.apple.product-type.application";
		};
/* End PBXNativeTarget section */

/* Begin PBXProject section */
		99B4895A2AD2459900AE2CF4 /* Project object */ = {
			isa = PBXProject;
			attributes = {
				BuildIndependentTargetsInParallel = 1;
				LastSwiftUpdateCheck = 1430;
				LastUpgradeCheck = 1430;
				TargetAttributes = {
					99B489612AD2459900AE2CF4 = {
						CreatedOnToolsVersion = 14.3.1;
					};
				};
			};
			buildConfigurationList = 99B4895D2AD2459900AE2CF4 /* Build configuration list for PBXProject "Forte" */;
			compatibilityVersion = "Xcode 14.0";
			developmentRegion = en;
			hasScannedForEncodings = 0;
			knownRegions = (
				en,
				Base,
			);
			mainGroup = 99B489592AD2459900AE2CF4;
			packageReferences = (
				99B4897A2AD246EE00AE2CF4 /* XCRemoteSwiftPackageReference "firebase-ios-sdk" */,
				99B4898C2AD2595D00AE2CF4 /* XCRemoteSwiftPackageReference "GoogleSignIn-iOS" */,
			);
			productRefGroup = 99B489632AD2459900AE2CF4 /* Products */;
			projectDirPath = "";
			projectRoot = "";
			targets = (
				99B489612AD2459900AE2CF4 /* Forte */,
			);
		};
/* End PBXProject section */

/* Begin PBXResourcesBuildPhase section */
		99B489602AD2459900AE2CF4 /* Resources */ = {
			isa = PBXResourcesBuildPhase;
			buildActionMask = 2147483647;
			files = (
				99B4896D2AD2459B00AE2CF4 /* Preview Assets.xcassets in Resources */,
				99B4896A2AD2459B00AE2CF4 /* Assets.xcassets in Resources */,
				99B489792AD2461D00AE2CF4 /* GoogleService-Info.plist in Resources */,
			);
			runOnlyForDeploymentPostprocessing = 0;
		};
/* End PBXResourcesBuildPhase section */

/* Begin PBXSourcesBuildPhase section */
		99B4895E2AD2459900AE2CF4 /* Sources */ = {
			isa = PBXSourcesBuildPhase;
			buildActionMask = 2147483647;
			files = (
				99933E432B09F26D008AB97C /* SectionEditView.swift in Sources */,
				996F1D482B071F4D0048D9CC /* Ensemble+CoreDataClass.swift in Sources */,
				996F1D4A2B071F4D0048D9CC /* Repertoire+CoreDataClass.swift in Sources */,
				99933E392B089E46008AB97C /* Composition+CoreDataClass.swift in Sources */,
				99933E412B09DC34008AB97C /* CompositionEditView.swift in Sources */,
				99B489682AD2459900AE2CF4 /* ContentView.swift in Sources */,
				9917066B2B0C82260041466E /* Passage+CoreDataProperties.swift in Sources */,
				996F1D4B2B071F4D0048D9CC /* Repertoire+CoreDataProperties.swift in Sources */,
				99933E3F2B095DCF008AB97C /* SectionRowView.swift in Sources */,
				9917066A2B0C82260041466E /* Passage+CoreDataClass.swift in Sources */,
				99933E3A2B089E46008AB97C /* Composition+CoreDataProperties.swift in Sources */,
				99B489962AD27F6D00AE2CF4 /* EnsembleView.swift in Sources */,
				997C720F2B087556000F10BE /* DataManager.swift in Sources */,
				99B489942AD27F5600AE2CF4 /* HomeView.swift in Sources */,
				99933E302B08967C008AB97C /* CompositionDetailsView.swift in Sources */,
				99B4898B2AD2585400AE2CF4 /* AuthenticationViewModel.swift in Sources */,
				99B489662AD2459900AE2CF4 /* ForteApp.swift in Sources */,
				99B489922AD27EED00AE2CF4 /* MainTabView.swift in Sources */,
				9959647C2AD3CB7B003EECAC /* Ensemble.xcdatamodeld in Sources */,
				995964742AD39E10003EECAC /* SettingsView.swift in Sources */,
				996F1D492B071F4D0048D9CC /* Ensemble+CoreDataProperties.swift in Sources */,
				99C2E6C02B014DF600E6F838 /* EnsembleDetailsView.swift in Sources */,
			);
			runOnlyForDeploymentPostprocessing = 0;
		};
/* End PBXSourcesBuildPhase section */

/* Begin XCBuildConfiguration section */
		99B489732AD2459B00AE2CF4 /* Debug */ = {
			isa = XCBuildConfiguration;
			buildSettings = {
				ALWAYS_SEARCH_USER_PATHS = NO;
				CLANG_ANALYZER_NONNULL = YES;
				CLANG_ANALYZER_NUMBER_OBJECT_CONVERSION = YES_AGGRESSIVE;
				CLANG_CXX_LANGUAGE_STANDARD = "gnu++20";
				CLANG_ENABLE_MODULES = YES;
				CLANG_ENABLE_OBJC_ARC = YES;
				CLANG_ENABLE_OBJC_WEAK = YES;
				CLANG_WARN_BLOCK_CAPTURE_AUTORELEASING = YES;
				CLANG_WARN_BOOL_CONVERSION = YES;
				CLANG_WARN_COMMA = YES;
				CLANG_WARN_CONSTANT_CONVERSION = YES;
				CLANG_WARN_DEPRECATED_OBJC_IMPLEMENTATIONS = YES;
				CLANG_WARN_DIRECT_OBJC_ISA_USAGE = YES_ERROR;
				CLANG_WARN_DOCUMENTATION_COMMENTS = YES;
				CLANG_WARN_EMPTY_BODY = YES;
				CLANG_WARN_ENUM_CONVERSION = YES;
				CLANG_WARN_INFINITE_RECURSION = YES;
				CLANG_WARN_INT_CONVERSION = YES;
				CLANG_WARN_NON_LITERAL_NULL_CONVERSION = YES;
				CLANG_WARN_OBJC_IMPLICIT_RETAIN_SELF = YES;
				CLANG_WARN_OBJC_LITERAL_CONVERSION = YES;
				CLANG_WARN_OBJC_ROOT_CLASS = YES_ERROR;
				CLANG_WARN_QUOTED_INCLUDE_IN_FRAMEWORK_HEADER = YES;
				CLANG_WARN_RANGE_LOOP_ANALYSIS = YES;
				CLANG_WARN_STRICT_PROTOTYPES = YES;
				CLANG_WARN_SUSPICIOUS_MOVE = YES;
				CLANG_WARN_UNGUARDED_AVAILABILITY = YES_AGGRESSIVE;
				CLANG_WARN_UNREACHABLE_CODE = YES;
				CLANG_WARN__DUPLICATE_METHOD_MATCH = YES;
				COPY_PHASE_STRIP = NO;
				DEBUG_INFORMATION_FORMAT = dwarf;
				ENABLE_STRICT_OBJC_MSGSEND = YES;
				ENABLE_TESTABILITY = YES;
				GCC_C_LANGUAGE_STANDARD = gnu11;
				GCC_DYNAMIC_NO_PIC = NO;
				GCC_NO_COMMON_BLOCKS = YES;
				GCC_OPTIMIZATION_LEVEL = 0;
				GCC_PREPROCESSOR_DEFINITIONS = (
					"DEBUG=1",
					"$(inherited)",
				);
				GCC_WARN_64_TO_32_BIT_CONVERSION = YES;
				GCC_WARN_ABOUT_RETURN_TYPE = YES_ERROR;
				GCC_WARN_UNDECLARED_SELECTOR = YES;
				GCC_WARN_UNINITIALIZED_AUTOS = YES_AGGRESSIVE;
				GCC_WARN_UNUSED_FUNCTION = YES;
				GCC_WARN_UNUSED_VARIABLE = YES;
				IPHONEOS_DEPLOYMENT_TARGET = 16.4;
				MTL_ENABLE_DEBUG_INFO = INCLUDE_SOURCE;
				MTL_FAST_MATH = YES;
				ONLY_ACTIVE_ARCH = YES;
				SDKROOT = iphoneos;
				SWIFT_ACTIVE_COMPILATION_CONDITIONS = DEBUG;
				SWIFT_OPTIMIZATION_LEVEL = "-Onone";
			};
			name = Debug;
		};
		99B489742AD2459B00AE2CF4 /* Release */ = {
			isa = XCBuildConfiguration;
			buildSettings = {
				ALWAYS_SEARCH_USER_PATHS = NO;
				CLANG_ANALYZER_NONNULL = YES;
				CLANG_ANALYZER_NUMBER_OBJECT_CONVERSION = YES_AGGRESSIVE;
				CLANG_CXX_LANGUAGE_STANDARD = "gnu++20";
				CLANG_ENABLE_MODULES = YES;
				CLANG_ENABLE_OBJC_ARC = YES;
				CLANG_ENABLE_OBJC_WEAK = YES;
				CLANG_WARN_BLOCK_CAPTURE_AUTORELEASING = YES;
				CLANG_WARN_BOOL_CONVERSION = YES;
				CLANG_WARN_COMMA = YES;
				CLANG_WARN_CONSTANT_CONVERSION = YES;
				CLANG_WARN_DEPRECATED_OBJC_IMPLEMENTATIONS = YES;
				CLANG_WARN_DIRECT_OBJC_ISA_USAGE = YES_ERROR;
				CLANG_WARN_DOCUMENTATION_COMMENTS = YES;
				CLANG_WARN_EMPTY_BODY = YES;
				CLANG_WARN_ENUM_CONVERSION = YES;
				CLANG_WARN_INFINITE_RECURSION = YES;
				CLANG_WARN_INT_CONVERSION = YES;
				CLANG_WARN_NON_LITERAL_NULL_CONVERSION = YES;
				CLANG_WARN_OBJC_IMPLICIT_RETAIN_SELF = YES;
				CLANG_WARN_OBJC_LITERAL_CONVERSION = YES;
				CLANG_WARN_OBJC_ROOT_CLASS = YES_ERROR;
				CLANG_WARN_QUOTED_INCLUDE_IN_FRAMEWORK_HEADER = YES;
				CLANG_WARN_RANGE_LOOP_ANALYSIS = YES;
				CLANG_WARN_STRICT_PROTOTYPES = YES;
				CLANG_WARN_SUSPICIOUS_MOVE = YES;
				CLANG_WARN_UNGUARDED_AVAILABILITY = YES_AGGRESSIVE;
				CLANG_WARN_UNREACHABLE_CODE = YES;
				CLANG_WARN__DUPLICATE_METHOD_MATCH = YES;
				COPY_PHASE_STRIP = NO;
				DEBUG_INFORMATION_FORMAT = "dwarf-with-dsym";
				ENABLE_NS_ASSERTIONS = NO;
				ENABLE_STRICT_OBJC_MSGSEND = YES;
				GCC_C_LANGUAGE_STANDARD = gnu11;
				GCC_NO_COMMON_BLOCKS = YES;
				GCC_WARN_64_TO_32_BIT_CONVERSION = YES;
				GCC_WARN_ABOUT_RETURN_TYPE = YES_ERROR;
				GCC_WARN_UNDECLARED_SELECTOR = YES;
				GCC_WARN_UNINITIALIZED_AUTOS = YES_AGGRESSIVE;
				GCC_WARN_UNUSED_FUNCTION = YES;
				GCC_WARN_UNUSED_VARIABLE = YES;
				IPHONEOS_DEPLOYMENT_TARGET = 16.4;
				MTL_ENABLE_DEBUG_INFO = NO;
				MTL_FAST_MATH = YES;
				SDKROOT = iphoneos;
				SWIFT_COMPILATION_MODE = wholemodule;
				SWIFT_OPTIMIZATION_LEVEL = "-O";
				VALIDATE_PRODUCT = YES;
			};
			name = Release;
		};
		99B489762AD2459B00AE2CF4 /* Debug */ = {
			isa = XCBuildConfiguration;
			buildSettings = {
				ASSETCATALOG_COMPILER_APPICON_NAME = AppIcon;
				ASSETCATALOG_COMPILER_GLOBAL_ACCENT_COLOR_NAME = AccentColor;
				CODE_SIGN_STYLE = Automatic;
				CURRENT_PROJECT_VERSION = 1;
				DEVELOPMENT_ASSET_PATHS = "\"Forte/Preview Content\"";
				DEVELOPMENT_TEAM = XHF28X4N49;
				ENABLE_PREVIEWS = YES;
				GENERATE_INFOPLIST_FILE = YES;
				INFOPLIST_FILE = Forte/Info.plist;
				INFOPLIST_KEY_UIApplicationSceneManifest_Generation = YES;
				INFOPLIST_KEY_UIApplicationSupportsIndirectInputEvents = YES;
				INFOPLIST_KEY_UILaunchScreen_Generation = YES;
				INFOPLIST_KEY_UISupportedInterfaceOrientations_iPad = "UIInterfaceOrientationPortrait UIInterfaceOrientationPortraitUpsideDown UIInterfaceOrientationLandscapeLeft UIInterfaceOrientationLandscapeRight";
				INFOPLIST_KEY_UISupportedInterfaceOrientations_iPhone = "UIInterfaceOrientationPortrait UIInterfaceOrientationLandscapeLeft UIInterfaceOrientationLandscapeRight";
				LD_RUNPATH_SEARCH_PATHS = (
					"$(inherited)",
					"@executable_path/Frameworks",
				);
				MARKETING_VERSION = 1.0;
				PRODUCT_BUNDLE_IDENTIFIER = com.mnodado.Forte;
				PRODUCT_NAME = "$(TARGET_NAME)";
				SWIFT_EMIT_LOC_STRINGS = YES;
				SWIFT_VERSION = 5.0;
				TARGETED_DEVICE_FAMILY = "1,2";
			};
			name = Debug;
		};
		99B489772AD2459B00AE2CF4 /* Release */ = {
			isa = XCBuildConfiguration;
			buildSettings = {
				ASSETCATALOG_COMPILER_APPICON_NAME = AppIcon;
				ASSETCATALOG_COMPILER_GLOBAL_ACCENT_COLOR_NAME = AccentColor;
				CODE_SIGN_STYLE = Automatic;
				CURRENT_PROJECT_VERSION = 1;
				DEVELOPMENT_ASSET_PATHS = "\"Forte/Preview Content\"";
				DEVELOPMENT_TEAM = XHF28X4N49;
				ENABLE_PREVIEWS = YES;
				GENERATE_INFOPLIST_FILE = YES;
				INFOPLIST_FILE = Forte/Info.plist;
				INFOPLIST_KEY_UIApplicationSceneManifest_Generation = YES;
				INFOPLIST_KEY_UIApplicationSupportsIndirectInputEvents = YES;
				INFOPLIST_KEY_UILaunchScreen_Generation = YES;
				INFOPLIST_KEY_UISupportedInterfaceOrientations_iPad = "UIInterfaceOrientationPortrait UIInterfaceOrientationPortraitUpsideDown UIInterfaceOrientationLandscapeLeft UIInterfaceOrientationLandscapeRight";
				INFOPLIST_KEY_UISupportedInterfaceOrientations_iPhone = "UIInterfaceOrientationPortrait UIInterfaceOrientationLandscapeLeft UIInterfaceOrientationLandscapeRight";
				LD_RUNPATH_SEARCH_PATHS = (
					"$(inherited)",
					"@executable_path/Frameworks",
				);
				MARKETING_VERSION = 1.0;
				PRODUCT_BUNDLE_IDENTIFIER = com.mnodado.Forte;
				PRODUCT_NAME = "$(TARGET_NAME)";
				SWIFT_EMIT_LOC_STRINGS = YES;
				SWIFT_VERSION = 5.0;
				TARGETED_DEVICE_FAMILY = "1,2";
			};
			name = Release;
		};
/* End XCBuildConfiguration section */

/* Begin XCConfigurationList section */
		99B4895D2AD2459900AE2CF4 /* Build configuration list for PBXProject "Forte" */ = {
			isa = XCConfigurationList;
			buildConfigurations = (
				99B489732AD2459B00AE2CF4 /* Debug */,
				99B489742AD2459B00AE2CF4 /* Release */,
			);
			defaultConfigurationIsVisible = 0;
			defaultConfigurationName = Release;
		};
		99B489752AD2459B00AE2CF4 /* Build configuration list for PBXNativeTarget "Forte" */ = {
			isa = XCConfigurationList;
			buildConfigurations = (
				99B489762AD2459B00AE2CF4 /* Debug */,
				99B489772AD2459B00AE2CF4 /* Release */,
			);
			defaultConfigurationIsVisible = 0;
			defaultConfigurationName = Release;
		};
/* End XCConfigurationList section */

/* Begin XCRemoteSwiftPackageReference section */
		99B4897A2AD246EE00AE2CF4 /* XCRemoteSwiftPackageReference "firebase-ios-sdk" */ = {
			isa = XCRemoteSwiftPackageReference;
			repositoryURL = "https://github.com/firebase/firebase-ios-sdk.git";
			requirement = {
				kind = upToNextMajorVersion;
				minimumVersion = 10.0.0;
			};
		};
		99B4898C2AD2595D00AE2CF4 /* XCRemoteSwiftPackageReference "GoogleSignIn-iOS" */ = {
			isa = XCRemoteSwiftPackageReference;
			repositoryURL = "https://github.com/google/GoogleSignIn-iOS";
			requirement = {
				kind = upToNextMajorVersion;
				minimumVersion = 7.0.0;
			};
		};
/* End XCRemoteSwiftPackageReference section */

/* Begin XCSwiftPackageProductDependency section */
		99B4897B2AD246EE00AE2CF4 /* FirebaseAnalyticsWithoutAdIdSupport */ = {
			isa = XCSwiftPackageProductDependency;
			package = 99B4897A2AD246EE00AE2CF4 /* XCRemoteSwiftPackageReference "firebase-ios-sdk" */;
			productName = FirebaseAnalyticsWithoutAdIdSupport;
		};
		99B4897E2AD249F400AE2CF4 /* FirebaseAuth */ = {
			isa = XCSwiftPackageProductDependency;
			package = 99B4897A2AD246EE00AE2CF4 /* XCRemoteSwiftPackageReference "firebase-ios-sdk" */;
			productName = FirebaseAuth;
		};
		99B4898D2AD2595D00AE2CF4 /* GoogleSignInSwift */ = {
			isa = XCSwiftPackageProductDependency;
			package = 99B4898C2AD2595D00AE2CF4 /* XCRemoteSwiftPackageReference "GoogleSignIn-iOS" */;
			productName = GoogleSignInSwift;
		};
/* End XCSwiftPackageProductDependency section */

/* Begin XCVersionGroup section */
		9959647A2AD3CB7B003EECAC /* Ensemble.xcdatamodeld */ = {
			isa = XCVersionGroup;
			children = (
				9959647B2AD3CB7B003EECAC /* Ensemble.xcdatamodel */,
			);
			currentVersion = 9959647B2AD3CB7B003EECAC /* Ensemble.xcdatamodel */;
			path = Ensemble.xcdatamodeld;
			sourceTree = "<group>";
			versionGroupType = wrapper.xcdatamodel;
		};
/* End XCVersionGroup section */
	};
	rootObject = 99B4895A2AD2459900AE2CF4 /* Project object */;
}
